{
  "version": 4,
  "terraform_version": "1.1.9",
  "serial": 76,
  "lineage": "6b96383b-24ec-a714-95ff-7ba790d0ac50",
  "outputs": {
    "jenkins_public_ip": {
      "value": "3.129.175.51",
      "type": "string"
    }
  },
  "resources": [
    {
      "module": "module.ec2_instance",
      "mode": "data",
      "type": "aws_ami",
      "name": "ubuntu",
      "provider": "provider[\"registry.terraform.io/hashicorp/aws\"]",
      "instances": [
        {
          "schema_version": 0,
          "attributes": {
            "architecture": "x86_64",
            "arn": "arn:aws:ec2:us-east-2::image/ami-0ada6d94f396377f2",
            "block_device_mappings": [
              {
                "device_name": "/dev/sda1",
                "ebs": {
                  "delete_on_termination": "true",
                  "encrypted": "false",
                  "iops": "0",
                  "snapshot_id": "snap-086806684482d3081",
                  "throughput": "0",
                  "volume_size": "8",
                  "volume_type": "gp2"
                },
                "no_device": "",
                "virtual_name": ""
              },
              {
                "device_name": "/dev/sdb",
                "ebs": {},
                "no_device": "",
                "virtual_name": "ephemeral0"
              },
              {
                "device_name": "/dev/sdc",
                "ebs": {},
                "no_device": "",
                "virtual_name": "ephemeral1"
              }
            ],
            "boot_mode": "",
            "creation_date": "2022-12-01T22:15:27.000Z",
            "description": "Canonical, Ubuntu, 20.04 LTS, amd64 focal image build on 2022-12-01",
            "ena_support": true,
            "executable_users": null,
            "filter": [
              {
                "name": "name",
                "values": [
                  "ubuntu/images/hvm-ssd/ubuntu-focal-20.04-amd64-server-*"
                ]
              },
              {
                "name": "virtualization-type",
                "values": [
                  "hvm"
                ]
              }
            ],
            "hypervisor": "xen",
            "id": "ami-0ada6d94f396377f2",
            "image_id": "ami-0ada6d94f396377f2",
            "image_location": "amazon/ubuntu/images/hvm-ssd/ubuntu-focal-20.04-amd64-server-20221201",
            "image_owner_alias": "amazon",
            "image_type": "machine",
            "kernel_id": null,
            "most_recent": true,
            "name": "ubuntu/images/hvm-ssd/ubuntu-focal-20.04-amd64-server-20221201",
            "name_regex": null,
            "owner_id": "099720109477",
            "owners": [
              "099720109477"
            ],
            "platform": null,
            "platform_details": "Linux/UNIX",
            "product_codes": [],
            "public": true,
            "ramdisk_id": null,
            "root_device_name": "/dev/sda1",
            "root_device_type": "ebs",
            "root_snapshot_id": "snap-086806684482d3081",
            "sriov_net_support": "simple",
            "state": "available",
            "state_reason": {
              "code": "UNSET",
              "message": "UNSET"
            },
            "tags": {},
            "usage_operation": "RunInstances",
            "virtualization_type": "hvm"
          },
          "sensitive_attributes": []
        }
      ]
    },
    {
      "module": "module.ec2_instance",
      "mode": "managed",
      "type": "aws_eip",
      "name": "jenkins_eip",
      "provider": "provider[\"registry.terraform.io/hashicorp/aws\"]",
      "instances": [
        {
          "schema_version": 0,
          "attributes": {
            "address": null,
            "allocation_id": "eipalloc-0060d9c11ba22d2f6",
            "associate_with_private_ip": null,
            "association_id": "eipassoc-0fcbd0fb611d832ea",
            "carrier_ip": "",
            "customer_owned_ip": "",
            "customer_owned_ipv4_pool": "",
            "domain": "vpc",
            "id": "eipalloc-0060d9c11ba22d2f6",
            "instance": "i-0fd5efeab19fc68cf",
            "network_border_group": "us-east-2",
            "network_interface": "eni-09557173e47e4e4d8",
            "private_dns": "ip-10-0-1-165.us-east-2.compute.internal",
            "private_ip": "10.0.1.165",
            "public_dns": "ec2-3-129-175-51.us-east-2.compute.amazonaws.com",
            "public_ip": "3.129.175.51",
            "public_ipv4_pool": "amazon",
            "tags": {
              "Name": "jenkins_eip"
            },
            "tags_all": {
              "Name": "jenkins_eip"
            },
            "timeouts": null,
            "vpc": true
          },
          "sensitive_attributes": [],
          "private": "eyJlMmJmYjczMC1lY2FhLTExZTYtOGY4OC0zNDM2M2JjN2M0YzAiOnsiZGVsZXRlIjoxODAwMDAwMDAwMDAsInJlYWQiOjkwMDAwMDAwMDAwMCwidXBkYXRlIjozMDAwMDAwMDAwMDB9fQ==",
          "dependencies": [
            "module.ec2_instance.aws_instance.jenkins_server",
            "module.ec2_instance.aws_key_pair.tutorial_kp",
            "module.ec2_instance.data.aws_ami.ubuntu",
            "module.security_group.aws_security_group.tutorial_jenkins_sg",
            "module.vpc.aws_subnet.tutorial_public_subnet",
            "module.vpc.aws_vpc.tutorial_vpc",
            "module.vpc.data.aws_availability_zones.available"
          ]
        }
      ]
    },
    {
      "module": "module.ec2_instance",
      "mode": "managed",
      "type": "aws_instance",
      "name": "jenkins_server",
      "provider": "provider[\"registry.terraform.io/hashicorp/aws\"]",
      "instances": [
        {
          "schema_version": 1,
          "attributes": {
            "ami": "ami-0ada6d94f396377f2",
            "arn": "arn:aws:ec2:us-east-2:274127640471:instance/i-0fd5efeab19fc68cf",
            "associate_public_ip_address": false,
            "availability_zone": "us-east-2a",
            "capacity_reservation_specification": [
              {
                "capacity_reservation_preference": "open",
                "capacity_reservation_target": []
              }
            ],
            "cpu_core_count": 1,
            "cpu_threads_per_core": 1,
            "credit_specification": [
              {
                "cpu_credits": "standard"
              }
            ],
            "disable_api_termination": false,
            "ebs_block_device": [],
            "ebs_optimized": false,
            "enclave_options": [
              {
                "enabled": false
              }
            ],
            "ephemeral_block_device": [],
            "get_password_data": false,
            "hibernation": false,
            "host_id": null,
            "iam_instance_profile": "",
            "id": "i-0fd5efeab19fc68cf",
            "instance_initiated_shutdown_behavior": "stop",
            "instance_state": "running",
            "instance_type": "t2.micro",
            "ipv6_address_count": 0,
            "ipv6_addresses": [],
            "key_name": "tutorial_kp",
            "launch_template": [],
            "metadata_options": [
              {
                "http_endpoint": "enabled",
                "http_put_response_hop_limit": 1,
                "http_tokens": "optional",
                "instance_metadata_tags": "disabled"
              }
            ],
            "monitoring": false,
            "network_interface": [],
            "outpost_arn": "",
            "password_data": "",
            "placement_group": "",
            "placement_partition_number": null,
            "primary_network_interface_id": "eni-09557173e47e4e4d8",
            "private_dns": "ip-10-0-1-165.us-east-2.compute.internal",
            "private_ip": "10.0.1.165",
            "public_dns": "",
            "public_ip": "",
            "root_block_device": [
              {
                "delete_on_termination": true,
                "device_name": "/dev/sda1",
                "encrypted": false,
                "iops": 100,
                "kms_key_id": "",
                "tags": {},
                "throughput": 0,
                "volume_id": "vol-004d2fb99efa0ed79",
                "volume_size": 8,
                "volume_type": "gp2"
              }
            ],
            "secondary_private_ips": [],
            "security_groups": [],
            "source_dest_check": true,
            "subnet_id": "subnet-00ef16b6407f1e9bf",
            "tags": {
              "Name": "jenkins_server"
            },
            "tags_all": {
              "Name": "jenkins_server"
            },
            "tenancy": "default",
            "timeouts": null,
            "user_data": "dc7d0a6b8ab08ea33a89903a66d2309d6105de8a",
            "user_data_base64": null,
            "volume_tags": null,
            "vpc_security_group_ids": [
              "sg-02b482bda8ad0086f"
            ]
          },
          "sensitive_attributes": [],
          "private": "eyJlMmJmYjczMC1lY2FhLTExZTYtOGY4OC0zNDM2M2JjN2M0YzAiOnsiY3JlYXRlIjo2MDAwMDAwMDAwMDAsImRlbGV0ZSI6MTIwMDAwMDAwMDAwMCwidXBkYXRlIjo2MDAwMDAwMDAwMDB9LCJzY2hlbWFfdmVyc2lvbiI6IjEifQ==",
          "dependencies": [
            "module.ec2_instance.aws_key_pair.tutorial_kp",
            "module.ec2_instance.data.aws_ami.ubuntu",
            "module.security_group.aws_security_group.tutorial_jenkins_sg",
            "module.vpc.aws_subnet.tutorial_public_subnet",
            "module.vpc.aws_vpc.tutorial_vpc",
            "module.vpc.data.aws_availability_zones.available"
          ]
        }
      ]
    },
    {
      "module": "module.ec2_instance",
      "mode": "managed",
      "type": "aws_key_pair",
      "name": "tutorial_kp",
      "provider": "provider[\"registry.terraform.io/hashicorp/aws\"]",
      "instances": [
        {
          "schema_version": 1,
          "attributes": {
            "arn": "arn:aws:ec2:us-east-2:274127640471:key-pair/tutorial_kp",
            "fingerprint": "fa:c3:33:cd:53:e0:94:a2:a4:c0:1d:3c:7f:94:d6:86",
            "id": "tutorial_kp",
            "key_name": "tutorial_kp",
            "key_name_prefix": "",
            "key_pair_id": "key-0a78f8a0932dd5036",
            "public_key": "ssh-rsa AAAAB3NzaC1yc2EAAAADAQABAAACAQCvvnwVaYmGWwxnFHARLQQ77oI/sUkxSuCvYjgiFh7ahA9UpIFJssgwKyQqi3sGk3Fhu3lsjy7QUL/87WP/xFhfeFHkH1D+ozA4ub5/mxyzWoD9mDpkiD/OJduREE1BVHSLDtvsiHhXGu6CrRIeK3w5RMBPtvMhQ38K7MS0lLduQCZQKyJnGp1kZ9E4YSPZuorCkjXiq5+iW1TrJ1kgwhNNMGlNeV323odFpD7I805jCy1sJNSO10juwA5Ly3rVje8AjgKYEa8inYWvz/eJy6FfXYc7aD/9w6331l6TFmXPurNEsTzlS48pMJy/wuTG2NxmJXb0Hfdc4xtUQyDGGZjbHfJ2JiTE1bXQA1Uqy+npuWTvU/IGRl0skBcMHPXP3gHxwtMDkDG4HbpNef0yMUDupvFp+O91YOKoXTGejWSGeK3qgKFPaO1AsSg62vb2NS1lolzEIvi2u1UIu/a0kL0CuB5rv+EgEX9G8z2QVYdQ8Y2us28jRx8orCSVbgarHKrC5pJCJ6W7JcvSQ0nQCAQ1dEv6VZoU5I9uq4vERwUShDjWT1DX0UUBKU4EP+EEQejG7GEgmp1jSgS3X1U/yQLHo3SIEATH+6ehzSpcnfcDeQwBCdCL/i6vyfRz/Tm1JXOb1lmcMcJDmnibnaBn2bTRflCDNHPxnRuLE7US+HIrLQ== 12404@DESKTOP-KCNGC0C",
            "tags": null,
            "tags_all": {}
          },
          "sensitive_attributes": [],
          "private": "eyJzY2hlbWFfdmVyc2lvbiI6IjEifQ=="
        }
      ]
    },
    {
      "module": "module.security_group",
      "mode": "managed",
      "type": "aws_security_group",
      "name": "tutorial_jenkins_sg",
      "provider": "provider[\"registry.terraform.io/hashicorp/aws\"]",
      "instances": [
        {
          "schema_version": 1,
          "attributes": {
            "arn": "arn:aws:ec2:us-east-2:274127640471:security-group/sg-02b482bda8ad0086f",
            "description": "Security group for jenkins server",
            "egress": [
              {
                "cidr_blocks": [
                  "0.0.0.0/0"
                ],
                "description": "Allow all outbound traffic",
                "from_port": 0,
                "ipv6_cidr_blocks": [],
                "prefix_list_ids": [],
                "protocol": "-1",
                "security_groups": [],
                "self": false,
                "to_port": 0
              }
            ],
            "id": "sg-02b482bda8ad0086f",
            "ingress": [
              {
                "cidr_blocks": [
                  "0.0.0.0/0"
                ],
                "description": "Allow all traffic through port 8080",
                "from_port": 8080,
                "ipv6_cidr_blocks": [],
                "prefix_list_ids": [],
                "protocol": "tcp",
                "security_groups": [],
                "self": false,
                "to_port": 8080
              },
              {
                "cidr_blocks": [
                  "75.8.254.209/32"
                ],
                "description": "Allow SSH from my computer",
                "from_port": 22,
                "ipv6_cidr_blocks": [],
                "prefix_list_ids": [],
                "protocol": "tcp",
                "security_groups": [],
                "self": false,
                "to_port": 22
              }
            ],
            "name": "tutorial_jenkins_sg",
            "name_prefix": "",
            "owner_id": "274127640471",
            "revoke_rules_on_delete": false,
            "tags": {
              "Name": "tutorial_jenkins_sg"
            },
            "tags_all": {
              "Name": "tutorial_jenkins_sg"
            },
            "timeouts": null,
            "vpc_id": "vpc-089f33b7ce118e4b6"
          },
          "sensitive_attributes": [
            [
              {
                "type": "get_attr",
                "value": "ingress"
              }
            ]
          ],
          "private": "eyJlMmJmYjczMC1lY2FhLTExZTYtOGY4OC0zNDM2M2JjN2M0YzAiOnsiY3JlYXRlIjo2MDAwMDAwMDAwMDAsImRlbGV0ZSI6OTAwMDAwMDAwMDAwfSwic2NoZW1hX3ZlcnNpb24iOiIxIn0=",
          "dependencies": [
            "module.vpc.aws_vpc.tutorial_vpc"
          ]
        }
      ]
    },
    {
      "module": "module.vpc",
      "mode": "data",
      "type": "aws_availability_zones",
      "name": "available",
      "provider": "provider[\"registry.terraform.io/hashicorp/aws\"]",
      "instances": [
        {
          "schema_version": 0,
          "attributes": {
            "all_availability_zones": null,
            "exclude_names": null,
            "exclude_zone_ids": null,
            "filter": null,
            "group_names": [
              "us-east-2"
            ],
            "id": "us-east-2",
            "names": [
              "us-east-2a",
              "us-east-2b",
              "us-east-2c"
            ],
            "state": "available",
            "zone_ids": [
              "use2-az1",
              "use2-az2",
              "use2-az3"
            ]
          },
          "sensitive_attributes": []
        }
      ]
    },
    {
      "module": "module.vpc",
      "mode": "managed",
      "type": "aws_internet_gateway",
      "name": "tutorial_igw",
      "provider": "provider[\"registry.terraform.io/hashicorp/aws\"]",
      "instances": [
        {
          "schema_version": 0,
          "attributes": {
            "arn": "arn:aws:ec2:us-east-2:274127640471:internet-gateway/igw-0fbebe8bda6b09aa4",
            "id": "igw-0fbebe8bda6b09aa4",
            "owner_id": "274127640471",
            "tags": {
              "Name": "tutorial_igw"
            },
            "tags_all": {
              "Name": "tutorial_igw"
            },
            "vpc_id": "vpc-089f33b7ce118e4b6"
          },
          "sensitive_attributes": [],
          "private": "bnVsbA==",
          "dependencies": [
            "module.vpc.aws_vpc.tutorial_vpc"
          ]
        }
      ]
    },
    {
      "module": "module.vpc",
      "mode": "managed",
      "type": "aws_route_table",
      "name": "tutorial_public_rt",
      "provider": "provider[\"registry.terraform.io/hashicorp/aws\"]",
      "instances": [
        {
          "schema_version": 0,
          "attributes": {
            "arn": "arn:aws:ec2:us-east-2:274127640471:route-table/rtb-001965a521203df67",
            "id": "rtb-001965a521203df67",
            "owner_id": "274127640471",
            "propagating_vgws": [],
            "route": [
              {
                "carrier_gateway_id": "",
                "cidr_block": "0.0.0.0/0",
                "destination_prefix_list_id": "",
                "egress_only_gateway_id": "",
                "gateway_id": "igw-0fbebe8bda6b09aa4",
                "instance_id": "",
                "ipv6_cidr_block": "",
                "local_gateway_id": "",
                "nat_gateway_id": "",
                "network_interface_id": "",
                "transit_gateway_id": "",
                "vpc_endpoint_id": "",
                "vpc_peering_connection_id": ""
              }
            ],
            "tags": null,
            "tags_all": {},
            "timeouts": null,
            "vpc_id": "vpc-089f33b7ce118e4b6"
          },
          "sensitive_attributes": [],
          "private": "eyJlMmJmYjczMC1lY2FhLTExZTYtOGY4OC0zNDM2M2JjN2M0YzAiOnsiY3JlYXRlIjozMDAwMDAwMDAwMDAsImRlbGV0ZSI6MzAwMDAwMDAwMDAwLCJ1cGRhdGUiOjEyMDAwMDAwMDAwMH19",
          "dependencies": [
            "module.vpc.aws_internet_gateway.tutorial_igw",
            "module.vpc.aws_vpc.tutorial_vpc"
          ]
        }
      ]
    },
    {
      "module": "module.vpc",
      "mode": "managed",
      "type": "aws_route_table_association",
      "name": "public",
      "provider": "provider[\"registry.terraform.io/hashicorp/aws\"]",
      "instances": [
        {
          "schema_version": 0,
          "attributes": {
            "gateway_id": "",
            "id": "rtbassoc-02c8b30d1875fc9f7",
            "route_table_id": "rtb-001965a521203df67",
            "subnet_id": "subnet-00ef16b6407f1e9bf"
          },
          "sensitive_attributes": [],
          "private": "bnVsbA==",
          "dependencies": [
            "module.vpc.aws_internet_gateway.tutorial_igw",
            "module.vpc.aws_route_table.tutorial_public_rt",
            "module.vpc.aws_subnet.tutorial_public_subnet",
            "module.vpc.aws_vpc.tutorial_vpc",
            "module.vpc.data.aws_availability_zones.available"
          ]
        }
      ]
    },
    {
      "module": "module.vpc",
      "mode": "managed",
      "type": "aws_subnet",
      "name": "tutorial_public_subnet",
      "provider": "provider[\"registry.terraform.io/hashicorp/aws\"]",
      "instances": [
        {
          "schema_version": 1,
          "attributes": {
            "arn": "arn:aws:ec2:us-east-2:274127640471:subnet/subnet-00ef16b6407f1e9bf",
            "assign_ipv6_address_on_creation": false,
            "availability_zone": "us-east-2a",
            "availability_zone_id": "use2-az1",
            "cidr_block": "10.0.1.0/24",
            "customer_owned_ipv4_pool": "",
            "enable_dns64": false,
            "enable_resource_name_dns_a_record_on_launch": false,
            "enable_resource_name_dns_aaaa_record_on_launch": false,
            "id": "subnet-00ef16b6407f1e9bf",
            "ipv6_cidr_block": "",
            "ipv6_cidr_block_association_id": "",
            "ipv6_native": false,
            "map_customer_owned_ip_on_launch": false,
            "map_public_ip_on_launch": false,
            "outpost_arn": "",
            "owner_id": "274127640471",
            "private_dns_hostname_type_on_launch": "ip-name",
            "tags": {
              "Name": "tutorial_public_subnet"
            },
            "tags_all": {
              "Name": "tutorial_public_subnet"
            },
            "timeouts": null,
            "vpc_id": "vpc-089f33b7ce118e4b6"
          },
          "sensitive_attributes": [],
          "private": "eyJlMmJmYjczMC1lY2FhLTExZTYtOGY4OC0zNDM2M2JjN2M0YzAiOnsiY3JlYXRlIjo2MDAwMDAwMDAwMDAsImRlbGV0ZSI6MTIwMDAwMDAwMDAwMH0sInNjaGVtYV92ZXJzaW9uIjoiMSJ9",
          "dependencies": [
            "module.vpc.aws_vpc.tutorial_vpc",
            "module.vpc.data.aws_availability_zones.available"
          ]
        }
      ]
    },
    {
      "module": "module.vpc",
      "mode": "managed",
      "type": "aws_vpc",
      "name": "tutorial_vpc",
      "provider": "provider[\"registry.terraform.io/hashicorp/aws\"]",
      "instances": [
        {
          "schema_version": 1,
          "attributes": {
            "arn": "arn:aws:ec2:us-east-2:274127640471:vpc/vpc-089f33b7ce118e4b6",
            "assign_generated_ipv6_cidr_block": false,
            "cidr_block": "10.0.0.0/16",
            "default_network_acl_id": "acl-0bcacbf869c7e524a",
            "default_route_table_id": "rtb-074875db44e285e1a",
            "default_security_group_id": "sg-01876956f65aacdc2",
            "dhcp_options_id": "dopt-0a4a50e4dd725a7a4",
            "enable_classiclink": false,
            "enable_classiclink_dns_support": false,
            "enable_dns_hostnames": true,
            "enable_dns_support": true,
            "id": "vpc-089f33b7ce118e4b6",
            "instance_tenancy": "default",
            "ipv4_ipam_pool_id": null,
            "ipv4_netmask_length": null,
            "ipv6_association_id": "",
            "ipv6_cidr_block": "",
            "ipv6_cidr_block_network_border_group": "",
            "ipv6_ipam_pool_id": "",
            "ipv6_netmask_length": 0,
            "main_route_table_id": "rtb-074875db44e285e1a",
            "owner_id": "274127640471",
            "tags": {
              "Name": "tutorial_vpc"
            },
            "tags_all": {
              "Name": "tutorial_vpc"
            }
          },
          "sensitive_attributes": [],
          "private": "eyJzY2hlbWFfdmVyc2lvbiI6IjEifQ=="
        }
      ]
    }
  ]
}
